{
  "name": "DES222-Task2-Observatory",
  "lockfileVersion": 3,
  "requires": true,
  "packages": {
    "": {
      "dependencies": {
        "heatmap.js": "^2.0.5",
        "leaflet-heatmap-radius": "^0.0.3",
        "visual-heatmap": "^2.2.0"
      }
    },
    "node_modules/heatmap.js": {
      "version": "2.0.5",
      "resolved": "https://registry.npmjs.org/heatmap.js/-/heatmap.js-2.0.5.tgz",
      "integrity": "sha512-CG2gYFP5Cv9IQCXEg3ZRxnJDyAilhWnQlAuHYGuWVzv6mFtQelS1bR9iN80IyDmFECbFPbg6I0LR5uAFHgCthw=="
    },
    "node_modules/leaflet-heatmap-radius": {
      "version": "0.0.3",
      "resolved": "https://registry.npmjs.org/leaflet-heatmap-radius/-/leaflet-heatmap-radius-0.0.3.tgz",
      "integrity": "sha512-8/lJ9CZUGot6rtFpBpS0RhBdsz8t3AdjBTfbG5HNgqlmn5dEyJN77EBG/TeK7i5xO+4FYxJ+FzpGVRH0XKam2Q==",
      "license": "MIT",
      "dependencies": {
        "heatmap.js": "^2.0.5"
      }
    },
    "node_modules/visual-heatmap": {
      "version": "2.2.0",
      "resolved": "https://registry.npmjs.org/visual-heatmap/-/visual-heatmap-2.2.0.tgz",
      "integrity": "sha512-8SVZ2x+rnjrNN6sgYSjM9g8mc6t8l97HemuiTBwkr2IcmpX4Qv/5+Ib8o90kD/reyPQ3eerzjoC5HzpErzc0ZQ==",
      "license": "BSD-3-Clause"
    }
  }
}
